# This file is automatically @generated by Cargo.
# It is not intended for manual editing.
version = 4

[[package]]
name = "ioutgt"
version = "0.1.0"

[[package]]
name = "ioutgt-backend"
version = "0.1.0"

[[package]]
name = "ioutgt-control"
version = "0.1.0"

[[package]]
name = "ioutgt-core"
version = "0.1.0"

[[package]]
name = "ioutgt-nvme"
version = "0.1.0"

[[package]]
name = "ioutgt-tcp"
version = "0.1.0"

[[package]]
name = "ioutgt-uring"
version = "0.1.0"
